{
  "version": 4,
  "terraform_version": "1.1.9",
  "serial": 290,
  "lineage": "b9b2d3c1-9023-e8f8-ae74-703515a9af24",
  "outputs": {},
  "resources": [
    {
      "mode": "managed",
      "type": "azurerm_linux_virtual_machine",
      "name": "myterraformvm",
      "provider": "provider[\"registry.terraform.io/hashicorp/azurerm\"]",
      "instances": [
        {
          "index_key": 0,
          "schema_version": 0,
          "attributes": {
            "additional_capabilities": [],
            "admin_password": "Adm1nP@55w0rd",
            "admin_ssh_key": [],
            "admin_username": "azureuser",
            "allow_extension_operations": true,
            "availability_set_id": "",
            "boot_diagnostics": [],
            "computer_name": "t3rr4f0rm-vm-0",
            "custom_data": null,
            "dedicated_host_group_id": "",
            "dedicated_host_id": "",
            "disable_password_authentication": false,
            "encryption_at_host_enabled": false,
            "eviction_policy": "",
            "extensions_time_budget": "PT1H30M",
            "id": "/subscriptions/3acc8650-3ea0-42db-b1dd-694439b0aa06/resourceGroups/t3rr4f0rm-rg/providers/Microsoft.Compute/virtualMachines/t3rr4f0rm-vm-0",
            "identity": [],
            "license_type": "",
            "location": "eastus",
            "max_bid_price": -1,
            "name": "t3rr4f0rm-vm-0",
            "network_interface_ids": [
              "/subscriptions/3acc8650-3ea0-42db-b1dd-694439b0aa06/resourceGroups/t3rr4f0rm-rg/providers/Microsoft.Network/networkInterfaces/t3rr4f0rm-nic-0"
            ],
            "os_disk": [
              {
                "caching": "ReadWrite",
                "diff_disk_settings": [],
                "disk_encryption_set_id": "",
                "disk_size_gb": 30,
                "name": "t3rr4f0rm-os-disk-0",
                "storage_account_type": "Standard_LRS",
                "write_accelerator_enabled": false
              }
            ],
            "patch_mode": "ImageDefault",
            "plan": [],
            "platform_fault_domain": -1,
            "priority": "Regular",
            "private_ip_address": "10.0.1.6",
            "private_ip_addresses": [
              "10.0.1.6"
            ],
            "provision_vm_agent": true,
            "proximity_placement_group_id": "",
            "public_ip_address": "20.25.93.117",
            "public_ip_addresses": [
              "20.25.93.117"
            ],
            "resource_group_name": "t3rr4f0rm-rg",
            "secret": [],
            "secure_boot_enabled": false,
            "size": "Standard_B2s",
            "source_image_id": "",
            "source_image_reference": [
              {
                "offer": "UbuntuServer",
                "publisher": "Canonical",
                "sku": "18.04-LTS",
                "version": "latest"
              }
            ],
            "tags": null,
            "timeouts": null,
            "user_data": "",
            "virtual_machine_id": "842453bb-eb44-4757-bacb-fc6223ca5c6f",
            "virtual_machine_scale_set_id": "",
            "vtpm_enabled": false,
            "zone": ""
          },
          "sensitive_attributes": [],
          "private": "eyJlMmJmYjczMC1lY2FhLTExZTYtOGY4OC0zNDM2M2JjN2M0YzAiOnsiY3JlYXRlIjoyNzAwMDAwMDAwMDAwLCJkZWxldGUiOjI3MDAwMDAwMDAwMDAsInJlYWQiOjMwMDAwMDAwMDAwMCwidXBkYXRlIjoyNzAwMDAwMDAwMDAwfX0=",
          "dependencies": [
            "azurerm_network_interface.myterraformnic",
            "azurerm_resource_group.rg"
          ]
        },
        {
          "index_key": 1,
          "schema_version": 0,
          "attributes": {
            "additional_capabilities": [],
            "admin_password": "Adm1nP@55w0rd",
            "admin_ssh_key": [],
            "admin_username": "azureuser",
            "allow_extension_operations": true,
            "availability_set_id": "",
            "boot_diagnostics": [],
            "computer_name": "t3rr4f0rm-vm-1",
            "custom_data": null,
            "dedicated_host_group_id": "",
            "dedicated_host_id": "",
            "disable_password_authentication": false,
            "encryption_at_host_enabled": false,
            "eviction_policy": "",
            "extensions_time_budget": "PT1H30M",
            "id": "/subscriptions/3acc8650-3ea0-42db-b1dd-694439b0aa06/resourceGroups/t3rr4f0rm-rg/providers/Microsoft.Compute/virtualMachines/t3rr4f0rm-vm-1",
            "identity": [],
            "license_type": "",
            "location": "eastus",
            "max_bid_price": -1,
            "name": "t3rr4f0rm-vm-1",
            "network_interface_ids": [
              "/subscriptions/3acc8650-3ea0-42db-b1dd-694439b0aa06/resourceGroups/t3rr4f0rm-rg/providers/Microsoft.Network/networkInterfaces/t3rr4f0rm-nic-1"
            ],
            "os_disk": [
              {
                "caching": "ReadWrite",
                "diff_disk_settings": [],
                "disk_encryption_set_id": "",
                "disk_size_gb": 30,
                "name": "t3rr4f0rm-os-disk-1",
                "storage_account_type": "Standard_LRS",
                "write_accelerator_enabled": false
              }
            ],
            "patch_mode": "ImageDefault",
            "plan": [],
            "platform_fault_domain": -1,
            "priority": "Regular",
            "private_ip_address": "10.0.1.4",
            "private_ip_addresses": [
              "10.0.1.4"
            ],
            "provision_vm_agent": true,
            "proximity_placement_group_id": "",
            "public_ip_address": "20.232.23.154",
            "public_ip_addresses": [
              "20.232.23.154"
            ],
            "resource_group_name": "t3rr4f0rm-rg",
            "secret": [],
            "secure_boot_enabled": false,
            "size": "Standard_B2s",
            "source_image_id": "",
            "source_image_reference": [
              {
                "offer": "UbuntuServer",
                "publisher": "Canonical",
                "sku": "18.04-LTS",
                "version": "latest"
              }
            ],
            "tags": null,
            "timeouts": null,
            "user_data": "",
            "virtual_machine_id": "437cd0a3-9136-4d6b-899c-f563b9b31d48",
            "virtual_machine_scale_set_id": "",
            "vtpm_enabled": false,
            "zone": ""
          },
          "sensitive_attributes": [],
          "private": "eyJlMmJmYjczMC1lY2FhLTExZTYtOGY4OC0zNDM2M2JjN2M0YzAiOnsiY3JlYXRlIjoyNzAwMDAwMDAwMDAwLCJkZWxldGUiOjI3MDAwMDAwMDAwMDAsInJlYWQiOjMwMDAwMDAwMDAwMCwidXBkYXRlIjoyNzAwMDAwMDAwMDAwfX0=",
          "dependencies": [
            "azurerm_network_interface.myterraformnic",
            "azurerm_resource_group.rg"
          ]
        },
        {
          "index_key": 2,
          "schema_version": 0,
          "attributes": {
            "additional_capabilities": [],
            "admin_password": "Adm1nP@55w0rd",
            "admin_ssh_key": [],
            "admin_username": "azureuser",
            "allow_extension_operations": true,
            "availability_set_id": "",
            "boot_diagnostics": [],
            "computer_name": "t3rr4f0rm-vm-2",
            "custom_data": null,
            "dedicated_host_group_id": "",
            "dedicated_host_id": "",
            "disable_password_authentication": false,
            "encryption_at_host_enabled": false,
            "eviction_policy": "",
            "extensions_time_budget": "PT1H30M",
            "id": "/subscriptions/3acc8650-3ea0-42db-b1dd-694439b0aa06/resourceGroups/t3rr4f0rm-rg/providers/Microsoft.Compute/virtualMachines/t3rr4f0rm-vm-2",
            "identity": [],
            "license_type": "",
            "location": "eastus",
            "max_bid_price": -1,
            "name": "t3rr4f0rm-vm-2",
            "network_interface_ids": [
              "/subscriptions/3acc8650-3ea0-42db-b1dd-694439b0aa06/resourceGroups/t3rr4f0rm-rg/providers/Microsoft.Network/networkInterfaces/t3rr4f0rm-nic-2"
            ],
            "os_disk": [
              {
                "caching": "ReadWrite",
                "diff_disk_settings": [],
                "disk_encryption_set_id": "",
                "disk_size_gb": 30,
                "name": "t3rr4f0rm-os-disk-2",
                "storage_account_type": "Standard_LRS",
                "write_accelerator_enabled": false
              }
            ],
            "patch_mode": "ImageDefault",
            "plan": [],
            "platform_fault_domain": -1,
            "priority": "Regular",
            "private_ip_address": "10.0.1.5",
            "private_ip_addresses": [
              "10.0.1.5"
            ],
            "provision_vm_agent": true,
            "proximity_placement_group_id": "",
            "public_ip_address": "20.232.41.42",
            "public_ip_addresses": [
              "20.232.41.42"
            ],
            "resource_group_name": "t3rr4f0rm-rg",
            "secret": [],
            "secure_boot_enabled": false,
            "size": "Standard_B2s",
            "source_image_id": "",
            "source_image_reference": [
              {
                "offer": "UbuntuServer",
                "publisher": "Canonical",
                "sku": "18.04-LTS",
                "version": "latest"
              }
            ],
            "tags": null,
            "timeouts": null,
            "user_data": "",
            "virtual_machine_id": "dc4d5cb4-68b2-4ca3-a318-77c9c0c96fd4",
            "virtual_machine_scale_set_id": "",
            "vtpm_enabled": false,
            "zone": ""
          },
          "sensitive_attributes": [],
          "private": "eyJlMmJmYjczMC1lY2FhLTExZTYtOGY4OC0zNDM2M2JjN2M0YzAiOnsiY3JlYXRlIjoyNzAwMDAwMDAwMDAwLCJkZWxldGUiOjI3MDAwMDAwMDAwMDAsInJlYWQiOjMwMDAwMDAwMDAwMCwidXBkYXRlIjoyNzAwMDAwMDAwMDAwfX0=",
          "dependencies": [
            "azurerm_network_interface.myterraformnic",
            "azurerm_resource_group.rg"
          ]
        }
      ]
    },
    {
      "mode": "managed",
      "type": "azurerm_network_interface",
      "name": "myterraformnic",
      "provider": "provider[\"registry.terraform.io/hashicorp/azurerm\"]",
      "instances": [
        {
          "index_key": 0,
          "schema_version": 0,
          "attributes": {
            "applied_dns_servers": [],
            "dns_servers": [],
            "enable_accelerated_networking": false,
            "enable_ip_forwarding": false,
            "id": "/subscriptions/3acc8650-3ea0-42db-b1dd-694439b0aa06/resourceGroups/t3rr4f0rm-rg/providers/Microsoft.Network/networkInterfaces/t3rr4f0rm-nic-0",
            "internal_dns_name_label": "",
            "internal_domain_name_suffix": "zwii4l5xadeedbhv2vscw5bekh.bx.internal.cloudapp.net",
            "ip_configuration": [
              {
                "gateway_load_balancer_frontend_ip_configuration_id": "",
                "name": "ipconfig1",
                "primary": true,
                "private_ip_address": "10.0.1.6",
                "private_ip_address_allocation": "Dynamic",
                "private_ip_address_version": "IPv4",
                "public_ip_address_id": "/subscriptions/3acc8650-3ea0-42db-b1dd-694439b0aa06/resourceGroups/t3rr4f0rm-rg/providers/Microsoft.Network/publicIPAddresses/t3rr4f0rm-ip-0",
                "subnet_id": "/subscriptions/3acc8650-3ea0-42db-b1dd-694439b0aa06/resourceGroups/t3rr4f0rm-rg/providers/Microsoft.Network/virtualNetworks/t3rr4f0rm-vn/subnets/t3rr4f0rm-sn"
              }
            ],
            "location": "eastus",
            "mac_address": "",
            "name": "t3rr4f0rm-nic-0",
            "private_ip_address": "10.0.1.6",
            "private_ip_addresses": [
              "10.0.1.6"
            ],
            "resource_group_name": "t3rr4f0rm-rg",
            "tags": {},
            "timeouts": null,
            "virtual_machine_id": ""
          },
          "sensitive_attributes": [],
          "private": "eyJlMmJmYjczMC1lY2FhLTExZTYtOGY4OC0zNDM2M2JjN2M0YzAiOnsiY3JlYXRlIjoxODAwMDAwMDAwMDAwLCJkZWxldGUiOjE4MDAwMDAwMDAwMDAsInJlYWQiOjMwMDAwMDAwMDAwMCwidXBkYXRlIjoxODAwMDAwMDAwMDAwfX0=",
          "dependencies": [
            "azurerm_public_ip.publicIPs",
            "azurerm_resource_group.rg",
            "azurerm_subnet.myterraformsubnet",
            "azurerm_virtual_network.myterraformnetwork"
          ]
        },
        {
          "index_key": 1,
          "schema_version": 0,
          "attributes": {
            "applied_dns_servers": [],
            "dns_servers": [],
            "enable_accelerated_networking": false,
            "enable_ip_forwarding": false,
            "id": "/subscriptions/3acc8650-3ea0-42db-b1dd-694439b0aa06/resourceGroups/t3rr4f0rm-rg/providers/Microsoft.Network/networkInterfaces/t3rr4f0rm-nic-1",
            "internal_dns_name_label": "",
            "internal_domain_name_suffix": "zwii4l5xadeedbhv2vscw5bekh.bx.internal.cloudapp.net",
            "ip_configuration": [
              {
                "gateway_load_balancer_frontend_ip_configuration_id": "",
                "name": "ipconfig1",
                "primary": true,
                "private_ip_address": "10.0.1.4",
                "private_ip_address_allocation": "Dynamic",
                "private_ip_address_version": "IPv4",
                "public_ip_address_id": "/subscriptions/3acc8650-3ea0-42db-b1dd-694439b0aa06/resourceGroups/t3rr4f0rm-rg/providers/Microsoft.Network/publicIPAddresses/t3rr4f0rm-ip-1",
                "subnet_id": "/subscriptions/3acc8650-3ea0-42db-b1dd-694439b0aa06/resourceGroups/t3rr4f0rm-rg/providers/Microsoft.Network/virtualNetworks/t3rr4f0rm-vn/subnets/t3rr4f0rm-sn"
              }
            ],
            "location": "eastus",
            "mac_address": "",
            "name": "t3rr4f0rm-nic-1",
            "private_ip_address": "10.0.1.4",
            "private_ip_addresses": [
              "10.0.1.4"
            ],
            "resource_group_name": "t3rr4f0rm-rg",
            "tags": {},
            "timeouts": null,
            "virtual_machine_id": ""
          },
          "sensitive_attributes": [],
          "private": "eyJlMmJmYjczMC1lY2FhLTExZTYtOGY4OC0zNDM2M2JjN2M0YzAiOnsiY3JlYXRlIjoxODAwMDAwMDAwMDAwLCJkZWxldGUiOjE4MDAwMDAwMDAwMDAsInJlYWQiOjMwMDAwMDAwMDAwMCwidXBkYXRlIjoxODAwMDAwMDAwMDAwfX0=",
          "dependencies": [
            "azurerm_public_ip.publicIPs",
            "azurerm_resource_group.rg",
            "azurerm_subnet.myterraformsubnet",
            "azurerm_virtual_network.myterraformnetwork"
          ]
        },
        {
          "index_key": 2,
          "schema_version": 0,
          "attributes": {
            "applied_dns_servers": [],
            "dns_servers": [],
            "enable_accelerated_networking": false,
            "enable_ip_forwarding": false,
            "id": "/subscriptions/3acc8650-3ea0-42db-b1dd-694439b0aa06/resourceGroups/t3rr4f0rm-rg/providers/Microsoft.Network/networkInterfaces/t3rr4f0rm-nic-2",
            "internal_dns_name_label": "",
            "internal_domain_name_suffix": "zwii4l5xadeedbhv2vscw5bekh.bx.internal.cloudapp.net",
            "ip_configuration": [
              {
                "gateway_load_balancer_frontend_ip_configuration_id": "",
                "name": "ipconfig1",
                "primary": true,
                "private_ip_address": "10.0.1.5",
                "private_ip_address_allocation": "Dynamic",
                "private_ip_address_version": "IPv4",
                "public_ip_address_id": "/subscriptions/3acc8650-3ea0-42db-b1dd-694439b0aa06/resourceGroups/t3rr4f0rm-rg/providers/Microsoft.Network/publicIPAddresses/t3rr4f0rm-ip-2",
                "subnet_id": "/subscriptions/3acc8650-3ea0-42db-b1dd-694439b0aa06/resourceGroups/t3rr4f0rm-rg/providers/Microsoft.Network/virtualNetworks/t3rr4f0rm-vn/subnets/t3rr4f0rm-sn"
              }
            ],
            "location": "eastus",
            "mac_address": "",
            "name": "t3rr4f0rm-nic-2",
            "private_ip_address": "10.0.1.5",
            "private_ip_addresses": [
              "10.0.1.5"
            ],
            "resource_group_name": "t3rr4f0rm-rg",
            "tags": {},
            "timeouts": null,
            "virtual_machine_id": ""
          },
          "sensitive_attributes": [],
          "private": "eyJlMmJmYjczMC1lY2FhLTExZTYtOGY4OC0zNDM2M2JjN2M0YzAiOnsiY3JlYXRlIjoxODAwMDAwMDAwMDAwLCJkZWxldGUiOjE4MDAwMDAwMDAwMDAsInJlYWQiOjMwMDAwMDAwMDAwMCwidXBkYXRlIjoxODAwMDAwMDAwMDAwfX0=",
          "dependencies": [
            "azurerm_public_ip.publicIPs",
            "azurerm_resource_group.rg",
            "azurerm_subnet.myterraformsubnet",
            "azurerm_virtual_network.myterraformnetwork"
          ]
        }
      ]
    },
    {
      "mode": "managed",
      "type": "azurerm_network_interface_security_group_association",
      "name": "example",
      "provider": "provider[\"registry.terraform.io/hashicorp/azurerm\"]",
      "instances": [
        {
          "index_key": 0,
          "schema_version": 0,
          "attributes": {
            "id": "/subscriptions/3acc8650-3ea0-42db-b1dd-694439b0aa06/resourceGroups/t3rr4f0rm-rg/providers/Microsoft.Network/networkInterfaces/t3rr4f0rm-nic-0|/subscriptions/3acc8650-3ea0-42db-b1dd-694439b0aa06/resourceGroups/t3rr4f0rm-rg/providers/Microsoft.Network/networkSecurityGroups/t3rr4f0rm-nsg",
            "network_interface_id": "/subscriptions/3acc8650-3ea0-42db-b1dd-694439b0aa06/resourceGroups/t3rr4f0rm-rg/providers/Microsoft.Network/networkInterfaces/t3rr4f0rm-nic-0",
            "network_security_group_id": "/subscriptions/3acc8650-3ea0-42db-b1dd-694439b0aa06/resourceGroups/t3rr4f0rm-rg/providers/Microsoft.Network/networkSecurityGroups/t3rr4f0rm-nsg",
            "timeouts": null
          },
          "sensitive_attributes": [],
          "private": "eyJlMmJmYjczMC1lY2FhLTExZTYtOGY4OC0zNDM2M2JjN2M0YzAiOnsiY3JlYXRlIjoxODAwMDAwMDAwMDAwLCJkZWxldGUiOjE4MDAwMDAwMDAwMDAsInJlYWQiOjMwMDAwMDAwMDAwMCwidXBkYXRlIjoxODAwMDAwMDAwMDAwfX0=",
          "dependencies": [
            "azurerm_network_interface.myterraformnic",
            "azurerm_network_security_group.myterraformnsg",
            "azurerm_public_ip.publicIPs",
            "azurerm_resource_group.rg",
            "azurerm_subnet.myterraformsubnet",
            "azurerm_virtual_network.myterraformnetwork"
          ]
        },
        {
          "index_key": 1,
          "schema_version": 0,
          "attributes": {
            "id": "/subscriptions/3acc8650-3ea0-42db-b1dd-694439b0aa06/resourceGroups/t3rr4f0rm-rg/providers/Microsoft.Network/networkInterfaces/t3rr4f0rm-nic-1|/subscriptions/3acc8650-3ea0-42db-b1dd-694439b0aa06/resourceGroups/t3rr4f0rm-rg/providers/Microsoft.Network/networkSecurityGroups/t3rr4f0rm-nsg",
            "network_interface_id": "/subscriptions/3acc8650-3ea0-42db-b1dd-694439b0aa06/resourceGroups/t3rr4f0rm-rg/providers/Microsoft.Network/networkInterfaces/t3rr4f0rm-nic-1",
            "network_security_group_id": "/subscriptions/3acc8650-3ea0-42db-b1dd-694439b0aa06/resourceGroups/t3rr4f0rm-rg/providers/Microsoft.Network/networkSecurityGroups/t3rr4f0rm-nsg",
            "timeouts": null
          },
          "sensitive_attributes": [],
          "private": "eyJlMmJmYjczMC1lY2FhLTExZTYtOGY4OC0zNDM2M2JjN2M0YzAiOnsiY3JlYXRlIjoxODAwMDAwMDAwMDAwLCJkZWxldGUiOjE4MDAwMDAwMDAwMDAsInJlYWQiOjMwMDAwMDAwMDAwMCwidXBkYXRlIjoxODAwMDAwMDAwMDAwfX0=",
          "dependencies": [
            "azurerm_network_interface.myterraformnic",
            "azurerm_network_security_group.myterraformnsg",
            "azurerm_public_ip.publicIPs",
            "azurerm_resource_group.rg",
            "azurerm_subnet.myterraformsubnet",
            "azurerm_virtual_network.myterraformnetwork"
          ]
        },
        {
          "index_key": 2,
          "schema_version": 0,
          "attributes": {
            "id": "/subscriptions/3acc8650-3ea0-42db-b1dd-694439b0aa06/resourceGroups/t3rr4f0rm-rg/providers/Microsoft.Network/networkInterfaces/t3rr4f0rm-nic-2|/subscriptions/3acc8650-3ea0-42db-b1dd-694439b0aa06/resourceGroups/t3rr4f0rm-rg/providers/Microsoft.Network/networkSecurityGroups/t3rr4f0rm-nsg",
            "network_interface_id": "/subscriptions/3acc8650-3ea0-42db-b1dd-694439b0aa06/resourceGroups/t3rr4f0rm-rg/providers/Microsoft.Network/networkInterfaces/t3rr4f0rm-nic-2",
            "network_security_group_id": "/subscriptions/3acc8650-3ea0-42db-b1dd-694439b0aa06/resourceGroups/t3rr4f0rm-rg/providers/Microsoft.Network/networkSecurityGroups/t3rr4f0rm-nsg",
            "timeouts": null
          },
          "sensitive_attributes": [],
          "private": "eyJlMmJmYjczMC1lY2FhLTExZTYtOGY4OC0zNDM2M2JjN2M0YzAiOnsiY3JlYXRlIjoxODAwMDAwMDAwMDAwLCJkZWxldGUiOjE4MDAwMDAwMDAwMDAsInJlYWQiOjMwMDAwMDAwMDAwMCwidXBkYXRlIjoxODAwMDAwMDAwMDAwfX0=",
          "dependencies": [
            "azurerm_network_interface.myterraformnic",
            "azurerm_network_security_group.myterraformnsg",
            "azurerm_public_ip.publicIPs",
            "azurerm_resource_group.rg",
            "azurerm_subnet.myterraformsubnet",
            "azurerm_virtual_network.myterraformnetwork"
          ]
        }
      ]
    },
    {
      "mode": "managed",
      "type": "azurerm_network_security_group",
      "name": "myterraformnsg",
      "provider": "provider[\"registry.terraform.io/hashicorp/azurerm\"]",
      "instances": [
        {
          "schema_version": 0,
          "attributes": {
            "id": "/subscriptions/3acc8650-3ea0-42db-b1dd-694439b0aa06/resourceGroups/t3rr4f0rm-rg/providers/Microsoft.Network/networkSecurityGroups/t3rr4f0rm-nsg",
            "location": "eastus",
            "name": "t3rr4f0rm-nsg",
            "resource_group_name": "t3rr4f0rm-rg",
            "security_rule": [
              {
                "access": "Allow",
                "description": "",
                "destination_address_prefix": "*",
                "destination_address_prefixes": [],
                "destination_application_security_group_ids": [],
                "destination_port_range": "22",
                "destination_port_ranges": [],
                "direction": "Inbound",
                "name": "SSH",
                "priority": 1001,
                "protocol": "Tcp",
                "source_address_prefix": "*",
                "source_address_prefixes": [],
                "source_application_security_group_ids": [],
                "source_port_range": "*",
                "source_port_ranges": []
              }
            ],
            "tags": {},
            "timeouts": null
          },
          "sensitive_attributes": [],
          "private": "eyJlMmJmYjczMC1lY2FhLTExZTYtOGY4OC0zNDM2M2JjN2M0YzAiOnsiY3JlYXRlIjoxODAwMDAwMDAwMDAwLCJkZWxldGUiOjE4MDAwMDAwMDAwMDAsInJlYWQiOjMwMDAwMDAwMDAwMCwidXBkYXRlIjoxODAwMDAwMDAwMDAwfX0=",
          "dependencies": [
            "azurerm_resource_group.rg"
          ]
        }
      ]
    },
    {
      "mode": "managed",
      "type": "azurerm_public_ip",
      "name": "publicIPs",
      "provider": "provider[\"registry.terraform.io/hashicorp/azurerm\"]",
      "instances": [
        {
          "index_key": 0,
          "schema_version": 0,
          "attributes": {
            "allocation_method": "Dynamic",
            "availability_zone": "No-Zone",
            "domain_name_label": null,
            "fqdn": null,
            "id": "/subscriptions/3acc8650-3ea0-42db-b1dd-694439b0aa06/resourceGroups/t3rr4f0rm-rg/providers/Microsoft.Network/publicIPAddresses/t3rr4f0rm-ip-0",
            "idle_timeout_in_minutes": 4,
            "ip_address": "",
            "ip_tags": {},
            "ip_version": "IPv4",
            "location": "eastus",
            "name": "t3rr4f0rm-ip-0",
            "public_ip_prefix_id": null,
            "resource_group_name": "t3rr4f0rm-rg",
            "reverse_fqdn": null,
            "sku": "Basic",
            "sku_tier": "Regional",
            "tags": {},
            "timeouts": null,
            "zones": []
          },
          "sensitive_attributes": [],
          "private": "eyJlMmJmYjczMC1lY2FhLTExZTYtOGY4OC0zNDM2M2JjN2M0YzAiOnsiY3JlYXRlIjoxODAwMDAwMDAwMDAwLCJkZWxldGUiOjE4MDAwMDAwMDAwMDAsInJlYWQiOjMwMDAwMDAwMDAwMCwidXBkYXRlIjoxODAwMDAwMDAwMDAwfX0=",
          "dependencies": [
            "azurerm_resource_group.rg"
          ]
        },
        {
          "index_key": 1,
          "schema_version": 0,
          "attributes": {
            "allocation_method": "Dynamic",
            "availability_zone": "No-Zone",
            "domain_name_label": null,
            "fqdn": null,
            "id": "/subscriptions/3acc8650-3ea0-42db-b1dd-694439b0aa06/resourceGroups/t3rr4f0rm-rg/providers/Microsoft.Network/publicIPAddresses/t3rr4f0rm-ip-1",
            "idle_timeout_in_minutes": 4,
            "ip_address": "",
            "ip_tags": {},
            "ip_version": "IPv4",
            "location": "eastus",
            "name": "t3rr4f0rm-ip-1",
            "public_ip_prefix_id": null,
            "resource_group_name": "t3rr4f0rm-rg",
            "reverse_fqdn": null,
            "sku": "Basic",
            "sku_tier": "Regional",
            "tags": {},
            "timeouts": null,
            "zones": []
          },
          "sensitive_attributes": [],
          "private": "eyJlMmJmYjczMC1lY2FhLTExZTYtOGY4OC0zNDM2M2JjN2M0YzAiOnsiY3JlYXRlIjoxODAwMDAwMDAwMDAwLCJkZWxldGUiOjE4MDAwMDAwMDAwMDAsInJlYWQiOjMwMDAwMDAwMDAwMCwidXBkYXRlIjoxODAwMDAwMDAwMDAwfX0=",
          "dependencies": [
            "azurerm_resource_group.rg"
          ]
        },
        {
          "index_key": 2,
          "schema_version": 0,
          "attributes": {
            "allocation_method": "Dynamic",
            "availability_zone": "No-Zone",
            "domain_name_label": null,
            "fqdn": null,
            "id": "/subscriptions/3acc8650-3ea0-42db-b1dd-694439b0aa06/resourceGroups/t3rr4f0rm-rg/providers/Microsoft.Network/publicIPAddresses/t3rr4f0rm-ip-2",
            "idle_timeout_in_minutes": 4,
            "ip_address": "",
            "ip_tags": {},
            "ip_version": "IPv4",
            "location": "eastus",
            "name": "t3rr4f0rm-ip-2",
            "public_ip_prefix_id": null,
            "resource_group_name": "t3rr4f0rm-rg",
            "reverse_fqdn": null,
            "sku": "Basic",
            "sku_tier": "Regional",
            "tags": {},
            "timeouts": null,
            "zones": []
          },
          "sensitive_attributes": [],
          "private": "eyJlMmJmYjczMC1lY2FhLTExZTYtOGY4OC0zNDM2M2JjN2M0YzAiOnsiY3JlYXRlIjoxODAwMDAwMDAwMDAwLCJkZWxldGUiOjE4MDAwMDAwMDAwMDAsInJlYWQiOjMwMDAwMDAwMDAwMCwidXBkYXRlIjoxODAwMDAwMDAwMDAwfX0=",
          "dependencies": [
            "azurerm_resource_group.rg"
          ]
        }
      ]
    },
    {
      "mode": "managed",
      "type": "azurerm_resource_group",
      "name": "rg",
      "provider": "provider[\"registry.terraform.io/hashicorp/azurerm\"]",
      "instances": [
        {
          "schema_version": 0,
          "attributes": {
            "id": "/subscriptions/3acc8650-3ea0-42db-b1dd-694439b0aa06/resourceGroups/t3rr4f0rm-rg",
            "location": "eastus",
            "name": "t3rr4f0rm-rg",
            "tags": {},
            "timeouts": null
          },
          "sensitive_attributes": [],
          "private": "eyJlMmJmYjczMC1lY2FhLTExZTYtOGY4OC0zNDM2M2JjN2M0YzAiOnsiY3JlYXRlIjo1NDAwMDAwMDAwMDAwLCJkZWxldGUiOjU0MDAwMDAwMDAwMDAsInJlYWQiOjMwMDAwMDAwMDAwMCwidXBkYXRlIjo1NDAwMDAwMDAwMDAwfX0="
        }
      ]
    },
    {
      "mode": "managed",
      "type": "azurerm_sql_server",
      "name": "example",
      "provider": "provider[\"registry.terraform.io/hashicorp/azurerm\"]",
      "instances": [
        {
          "schema_version": 0,
          "attributes": {
            "administrator_login": "MyAdministrator",
            "administrator_login_password": "Adm1nP@55w0rd",
            "connection_policy": "Default",
            "extended_auditing_policy": [],
            "fully_qualified_domain_name": "t3rr4f0rmsqlserver.database.windows.net",
            "id": "/subscriptions/3acc8650-3ea0-42db-b1dd-694439b0aa06/resourceGroups/t3rr4f0rm-rg/providers/Microsoft.Sql/servers/t3rr4f0rmsqlserver",
            "identity": [],
            "location": "eastus",
            "name": "t3rr4f0rmsqlserver",
            "resource_group_name": "t3rr4f0rm-rg",
            "tags": {},
            "threat_detection_policy": [
              {
                "disabled_alerts": [
                  ""
                ],
                "email_account_admins": false,
                "email_addresses": [
                  ""
                ],
                "retention_days": 0,
                "state": "Disabled",
                "storage_account_access_key": "",
                "storage_endpoint": ""
              }
            ],
            "timeouts": null,
            "version": "12.0"
          },
          "sensitive_attributes": [],
          "private": "eyJlMmJmYjczMC1lY2FhLTExZTYtOGY4OC0zNDM2M2JjN2M0YzAiOnsiY3JlYXRlIjozNjAwMDAwMDAwMDAwLCJkZWxldGUiOjM2MDAwMDAwMDAwMDAsInJlYWQiOjMwMDAwMDAwMDAwMCwidXBkYXRlIjozNjAwMDAwMDAwMDAwfX0=",
          "dependencies": [
            "azurerm_resource_group.rg"
          ]
        }
      ]
    },
    {
      "mode": "managed",
      "type": "azurerm_subnet",
      "name": "myterraformsubnet",
      "provider": "provider[\"registry.terraform.io/hashicorp/azurerm\"]",
      "instances": [
        {
          "schema_version": 0,
          "attributes": {
            "address_prefix": "10.0.1.0/24",
            "address_prefixes": [
              "10.0.1.0/24"
            ],
            "delegation": [],
            "enforce_private_link_endpoint_network_policies": false,
            "enforce_private_link_service_network_policies": false,
            "id": "/subscriptions/3acc8650-3ea0-42db-b1dd-694439b0aa06/resourceGroups/t3rr4f0rm-rg/providers/Microsoft.Network/virtualNetworks/t3rr4f0rm-vn/subnets/t3rr4f0rm-sn",
            "name": "t3rr4f0rm-sn",
            "resource_group_name": "t3rr4f0rm-rg",
            "service_endpoint_policy_ids": [],
            "service_endpoints": [],
            "timeouts": null,
            "virtual_network_name": "t3rr4f0rm-vn"
          },
          "sensitive_attributes": [],
          "private": "eyJlMmJmYjczMC1lY2FhLTExZTYtOGY4OC0zNDM2M2JjN2M0YzAiOnsiY3JlYXRlIjoxODAwMDAwMDAwMDAwLCJkZWxldGUiOjE4MDAwMDAwMDAwMDAsInJlYWQiOjMwMDAwMDAwMDAwMCwidXBkYXRlIjoxODAwMDAwMDAwMDAwfX0=",
          "dependencies": [
            "azurerm_resource_group.rg",
            "azurerm_virtual_network.myterraformnetwork"
          ]
        }
      ]
    },
    {
      "mode": "managed",
      "type": "azurerm_virtual_network",
      "name": "myterraformnetwork",
      "provider": "provider[\"registry.terraform.io/hashicorp/azurerm\"]",
      "instances": [
        {
          "schema_version": 0,
          "attributes": {
            "address_space": [
              "10.0.0.0/16"
            ],
            "bgp_community": "",
            "ddos_protection_plan": [],
            "dns_servers": [],
            "flow_timeout_in_minutes": 0,
            "guid": "2f8f90cd-00f7-41c8-84f5-e5642b7c2457",
            "id": "/subscriptions/3acc8650-3ea0-42db-b1dd-694439b0aa06/resourceGroups/t3rr4f0rm-rg/providers/Microsoft.Network/virtualNetworks/t3rr4f0rm-vn",
            "location": "eastus",
            "name": "t3rr4f0rm-vn",
            "resource_group_name": "t3rr4f0rm-rg",
            "subnet": [
              {
                "address_prefix": "10.0.1.0/24",
                "id": "/subscriptions/3acc8650-3ea0-42db-b1dd-694439b0aa06/resourceGroups/t3rr4f0rm-rg/providers/Microsoft.Network/virtualNetworks/t3rr4f0rm-vn/subnets/t3rr4f0rm-sn",
                "name": "t3rr4f0rm-sn",
                "security_group": ""
              }
            ],
            "tags": {},
            "timeouts": null,
            "vm_protection_enabled": false
          },
          "sensitive_attributes": [],
          "private": "eyJlMmJmYjczMC1lY2FhLTExZTYtOGY4OC0zNDM2M2JjN2M0YzAiOnsiY3JlYXRlIjoxODAwMDAwMDAwMDAwLCJkZWxldGUiOjE4MDAwMDAwMDAwMDAsInJlYWQiOjMwMDAwMDAwMDAwMCwidXBkYXRlIjoxODAwMDAwMDAwMDAwfX0=",
          "dependencies": [
            "azurerm_resource_group.rg"
          ]
        }
      ]
    },
    {
      "mode": "managed",
      "type": "random_id",
      "name": "randomId",
      "provider": "provider[\"registry.terraform.io/hashicorp/random\"]",
      "instances": [
        {
          "schema_version": 0,
          "attributes": {
            "b64_std": "/BRd86DqBtQ=",
            "b64_url": "_BRd86DqBtQ",
            "byte_length": 8,
            "dec": "18164246498050180820",
            "hex": "fc145df3a0ea06d4",
            "id": "_BRd86DqBtQ",
            "keepers": {
              "resource_group": "t3rr4f0rm-rg"
            },
            "prefix": null
          },
          "sensitive_attributes": [],
          "private": "bnVsbA==",
          "dependencies": [
            "azurerm_resource_group.rg"
          ]
        }
      ]
    },
    {
      "mode": "managed",
      "type": "tls_private_key",
      "name": "example_ssh",
      "provider": "provider[\"registry.terraform.io/hashicorp/tls\"]",
      "instances": [
        {
          "schema_version": 0,
          "attributes": {
            "algorithm": "RSA",
            "ecdsa_curve": "P224",
            "id": "83d52becf4ef61751b9e8c4aed04aeac5fcb7cff",
            "private_key_openssh": "-----BEGIN OPENSSH PRIVATE KEY-----\nb3BlbnNzaC1rZXktdjEAAAAABG5vbmUAAAAEbm9uZQAAAAAAAAABAAACFwAAAAdz\nc2gtcnNhAAAAAwEAAQAAAgEAzAl1fByM2ujjhcMpkZmQzcHUss0opUIxb0eOj0sI\nJJb1C50Rtyu+d1dwSr1gQZBEx3d74hfGsxVL0O1TaiDxYhdG5nmxIgU/HfQPHRb+\n+nnlkXU8lXSeOBBgv0LgynidIf3mddtM4OXxW/GPhRIVeLxcxfNXao23bN3QJ4Bi\nZBkOsTL3l+p6vBzyBr3Hdyly5a09WQ7pENfF64vbxsVOppqw1MPdhbB/f/Jpqeqw\nPaEHNCwAw5uWWJjDWszUBtCqQ4e67ZrZbyCkbaZ2NGKZbPy3LZl7cSxwYOucNz5r\nTmThQCmZ9cSx5z1bfKAlNrTivwfiL9GnaXHizDmh0cEfGm+rWiSFsJTa+RJDOh6L\nhOjQpWInFmGpPUS7UWNZLFdjCZDnqq//Fa7g6IWMfQJPvftVftzRhxYIAaYH3iNU\nNWKOO2IVHcgUXJXNx6PCySUSedqfMmcnINNCszNbCuXGFmbRV7izI6440hnFuB9Q\nA/o/+aVVJdIuvEI5cxMexyWb7mqgQGBPGCKdKSl943eaOoKhFASw14JIcOZ2/BO1\nj7lbT9qWO+9gpMU05K5vwu1AaIL7Yn5J7itvX0lIFGlBv2OkyXvynih9GdeCJKwq\neK1QyKa7oLE8VmIwOMCUZpUDZG8o99w6YNYnC2LAaPBqrIK03FkLC7pUIIvvc3IS\nCPkAAAc4fvF/gX7xf4EAAAAHc3NoLXJzYQAAAgEAzAl1fByM2ujjhcMpkZmQzcHU\nss0opUIxb0eOj0sIJJb1C50Rtyu+d1dwSr1gQZBEx3d74hfGsxVL0O1TaiDxYhdG\n5nmxIgU/HfQPHRb++nnlkXU8lXSeOBBgv0LgynidIf3mddtM4OXxW/GPhRIVeLxc\nxfNXao23bN3QJ4BiZBkOsTL3l+p6vBzyBr3Hdyly5a09WQ7pENfF64vbxsVOppqw\n1MPdhbB/f/JpqeqwPaEHNCwAw5uWWJjDWszUBtCqQ4e67ZrZbyCkbaZ2NGKZbPy3\nLZl7cSxwYOucNz5rTmThQCmZ9cSx5z1bfKAlNrTivwfiL9GnaXHizDmh0cEfGm+r\nWiSFsJTa+RJDOh6LhOjQpWInFmGpPUS7UWNZLFdjCZDnqq//Fa7g6IWMfQJPvftV\nftzRhxYIAaYH3iNUNWKOO2IVHcgUXJXNx6PCySUSedqfMmcnINNCszNbCuXGFmbR\nV7izI6440hnFuB9QA/o/+aVVJdIuvEI5cxMexyWb7mqgQGBPGCKdKSl943eaOoKh\nFASw14JIcOZ2/BO1j7lbT9qWO+9gpMU05K5vwu1AaIL7Yn5J7itvX0lIFGlBv2Ok\nyXvynih9GdeCJKwqeK1QyKa7oLE8VmIwOMCUZpUDZG8o99w6YNYnC2LAaPBqrIK0\n3FkLC7pUIIvvc3ISCPkAAAADAQABAAACAQC/V0OAz3lcNThhEYNjEmMUQeiIgRLT\n335if/V19YQ+Y/6LFJIvd2tXmX0p6exhr7yAXlGj1m41NQxzcoxeI2Sae3+21XpC\nkC7/lQezXQRiunuJ7CqTcdiKdPl1g28xEOkynltIPQ8cfSbZ9W+E+E+AeQx7aleZ\nCitwgZcZ5DDg9AquLEC6i17sGCz0G3b6Dbm9H7g/U1dHv0HRQcgp4JCAduLLtJ6C\nJ+F5iEiE2xzJvr/1sipJRhg5H5FcDmfruDVjvN6UwjmUGEV6urdxKuH8rgXOUnfL\ny0Pb8DgAKp4Q11PRivHh48J+OzEXb0tWwU0+nlMESxU3MmDg6k8RWI0j3TdZfAYL\nPfvb9YRiR11lNx7dz0x1GHnEKETljlDBm55cbcEBRqkVFaTlDOcm7kQkm/bGAucH\n/oSSht71pkCuycPdaAfvA/FN19neC7AcE00VeC6UYlZfM37OihfoaAYJdiqvY1qw\ncF74mIJcPy2Zxa9U2wB9vIuM5gtXT1Mzii6aCX+ZEdYjbQB2sCkTLTgpESfSePl3\n8/H6/EOxHPMoY2eKO08RFLhWPDQgCaQdso1ZhG9ZilSxbYp9TBDXVsII030ulLar\n3i1HajuSwanDRGPLHimQDAg7pMCGA4gGpjTEuAjmklqgK/HBUzR3SRFBci29EukO\nnrgt9F+BKMPQ8QAAAQEAum6IjmPKq8sD8fHzUy4/+cen6/zFMxjxAHpCTRG//ARu\n2/nJUH6bHPbwqk5V9j9sTfa703i4dkNpMCKhfpAruHrlNobiUxCkbOkmYh5ka9hB\ngy+S0o/bL92TT3kI2Qpq0qqk89wT3GHpCVcFqXXnUKWdE8UF56ezozzyETQyS/rx\nmZFEr8ffwKD9f0Q3hbF0MdAOqZNyhOPmRwcSBfnLjjB5igsyN8oSFA4avASmP6lp\nKIMKJohElMGqZUSL0M82v/T7U+E0yN4Tl3zX7Jkof3Rl9XeXzbMYtLIOqN0SVgMl\nG5lcr+CBtzoDMinwi24VT/JlJ//tT6EEeicw55tidwAAAQEA2GfbKRYO53DxxQ6e\nc2Qqn1z0/mpOleeRUO8o/WYVz0oJzPO5l7gHLoGUmGKlFtk0HA1GpjDbVC/dMSRE\nNPg33aDYCsAzP6/9ja+67Bd2w4UBTWCB38Ml4IhwabH4PVKb+GF9dpcs1WSh6XF0\nLzKsvaiLOL6CLQaFkh2kJxNAdVZpkCgv5Ri9V66zAW0IZW1TcEne+fv99jQlbzfl\n2ZyA8uzsIMVjCKijIAPlhPUsrHZp9TUkfN+63lgeGXYRgJxmmSGdLK+UDFnUWYaP\nqfT2kzdgHGkbKgcSFB+XdtcHFaTmNoNDrEzi174g/5tqSOYi83pSoDI3pVnp0q/w\nBprvfQAAAQEA8V5Epg5cS2klTJAGyEZ2I38j0vTB4JAr/vTRGW82YwrmKh+oRMy/\n7Dfg+a34TclXt2fErOuHAgjbOBSyShI9+xRniT53/mRJ7vSd+XGuqc8MI2kmKeZO\n/UhZop/z6eQ5hX3e9OUxzbJ/sP1TnTuIGXw7u/qmrFhnu5dxjnWW+Cx5zV7S8LAI\nWMaM2M3Ijf55YAVxPrDMFCu5r1OGVvAV7LtvFM+5pBZvjPsP+XbB7a902OfnGbPD\nEXWp4qw87yWAJ+eBF5g+ekmHKl8DjGfhY3WrXIvR1d2spuMFJgrSxf7bNLIn40vh\nsaRnhhSV1JSozVvSjQ5J81njw342a/CwLQAAAAAB\n-----END OPENSSH PRIVATE KEY-----\n",
            "private_key_pem": "-----BEGIN RSA PRIVATE KEY-----\nMIIJKgIBAAKCAgEAzAl1fByM2ujjhcMpkZmQzcHUss0opUIxb0eOj0sIJJb1C50R\ntyu+d1dwSr1gQZBEx3d74hfGsxVL0O1TaiDxYhdG5nmxIgU/HfQPHRb++nnlkXU8\nlXSeOBBgv0LgynidIf3mddtM4OXxW/GPhRIVeLxcxfNXao23bN3QJ4BiZBkOsTL3\nl+p6vBzyBr3Hdyly5a09WQ7pENfF64vbxsVOppqw1MPdhbB/f/JpqeqwPaEHNCwA\nw5uWWJjDWszUBtCqQ4e67ZrZbyCkbaZ2NGKZbPy3LZl7cSxwYOucNz5rTmThQCmZ\n9cSx5z1bfKAlNrTivwfiL9GnaXHizDmh0cEfGm+rWiSFsJTa+RJDOh6LhOjQpWIn\nFmGpPUS7UWNZLFdjCZDnqq//Fa7g6IWMfQJPvftVftzRhxYIAaYH3iNUNWKOO2IV\nHcgUXJXNx6PCySUSedqfMmcnINNCszNbCuXGFmbRV7izI6440hnFuB9QA/o/+aVV\nJdIuvEI5cxMexyWb7mqgQGBPGCKdKSl943eaOoKhFASw14JIcOZ2/BO1j7lbT9qW\nO+9gpMU05K5vwu1AaIL7Yn5J7itvX0lIFGlBv2OkyXvynih9GdeCJKwqeK1QyKa7\noLE8VmIwOMCUZpUDZG8o99w6YNYnC2LAaPBqrIK03FkLC7pUIIvvc3ISCPkCAwEA\nAQKCAgEAv1dDgM95XDU4YRGDYxJjFEHoiIES099+Yn/1dfWEPmP+ixSSL3drV5l9\nKensYa+8gF5Ro9ZuNTUMc3KMXiNkmnt/ttV6QpAu/5UHs10EYrp7iewqk3HYinT5\ndYNvMRDpMp5bSD0PHH0m2fVvhPhPgHkMe2pXmQorcIGXGeQw4PQKrixAuote7Bgs\n9Bt2+g25vR+4P1NXR79B0UHIKeCQgHbiy7SegifheYhIhNscyb6/9bIqSUYYOR+R\nXA5n67g1Y7zelMI5lBhFerq3cSrh/K4FzlJ3y8tD2/A4ACqeENdT0Yrx4ePCfjsx\nF29LVsFNPp5TBEsVNzJg4OpPEViNI903WXwGCz372/WEYkddZTce3c9MdRh5xChE\n5Y5QwZueXG3BAUapFRWk5QznJu5EJJv2xgLnB/6Ekobe9aZArsnD3WgH7wPxTdfZ\n3guwHBNNFXgulGJWXzN+zooX6GgGCXYqr2NasHBe+JiCXD8tmcWvVNsAfbyLjOYL\nV09TM4oumgl/mRHWI20AdrApEy04KREn0nj5d/Px+vxDsRzzKGNnijtPERS4Vjw0\nIAmkHbKNWYRvWYpUsW2KfUwQ11bCCNN9LpS2q94tR2o7ksGpw0Rjyx4pkAwIO6TA\nhgOIBqY0xLgI5pJaoCvxwVM0d0kRQXItvRLpDp64LfRfgSjD0PECggEBANhn2ykW\nDudw8cUOnnNkKp9c9P5qTpXnkVDvKP1mFc9KCczzuZe4By6BlJhipRbZNBwNRqYw\n21Qv3TEkRDT4N92g2ArAMz+v/Y2vuuwXdsOFAU1ggd/DJeCIcGmx+D1Sm/hhfXaX\nLNVkoelxdC8yrL2oizi+gi0GhZIdpCcTQHVWaZAoL+UYvVeuswFtCGVtU3BJ3vn7\n/fY0JW835dmcgPLs7CDFYwiooyAD5YT1LKx2afU1JHzfut5YHhl2EYCcZpkhnSyv\nlAxZ1FmGj6n09pM3YBxpGyoHEhQfl3bXBxWk5jaDQ6xM4te+IP+bakjmIvN6UqAy\nN6VZ6dKv8Aaa730CggEBAPFeRKYOXEtpJUyQBshGdiN/I9L0weCQK/700RlvNmMK\n5iofqETMv+w34Pmt+E3JV7dnxKzrhwII2zgUskoSPfsUZ4k+d/5kSe70nflxrqnP\nDCNpJinmTv1IWaKf8+nkOYV93vTlMc2yf7D9U507iBl8O7v6pqxYZ7uXcY51lvgs\nec1e0vCwCFjGjNjNyI3+eWAFcT6wzBQrua9ThlbwFey7bxTPuaQWb4z7D/l2we2v\ndNjn5xmzwxF1qeKsPO8lgCfngReYPnpJhypfA4xn4WN1q1yL0dXdrKbjBSYK0sX+\n2zSyJ+NL4bGkZ4YUldSUqM1b0o0OSfNZ48N+NmvwsC0CggEBAKI/u6FiWGpN0/ba\nrxH018AEAet96M2bgOgdZ64VC+UOrapsUYnfAANuQ+q8iupGjzs4+O9BUjAccsqV\nVk4gjEIuhcwJrmLhoEjKqGq6bODKp99LrBQITC28Hgwg0u2nMilXbqmrToHvoTVV\nSrbYV4sbAsbYjuETMrIKZzikxn8y+pKKjt5FXjCPWsaG6PSisxxNRlBHDnG5RxfL\n4Rj2rfd0itVHKKklRqiKQ1scNxJW9bpSzbiSRZjOmEKesyCqIoJNIXqPaYCZGQzG\nRpA2iWh27Chg5WztQDC2Pulq7nTb3X6hi+ty+eCnPDZoX5eodCv4WlqhS/c9IoJE\nRsGtCEECggEANSQZHypYPa4nrSSkqaGBzyzl2UNUEDoNxbNm+h+XLNUweaPAq20c\n8EgZOz+HRLEIo/OvxJaSgesrQLylyFMd3FLQvNHJH3Q7JuYqhcn2t6JDPOSgp2by\niydLvNdUn3FFDNP6q5Zukag0HuaXay25OEs255s26QkJxa6BLOlM1NUN+B5heOZ4\n3/rO9cjQ2Bpn5LEuDqxkMiiyWByenjN70EQwH7fgWnUqGDMKgFUaO1d+9WaRZgJC\n92wdfC+Jtuldvutka6p0Tv4zSSvkHxyb7gbxNI4AJAMLSS8AajDF2RvUbVSwHYYO\nacsVk9qiZkxYoeYOhEnaFD79O4RlPPyf/QKCAQEAum6IjmPKq8sD8fHzUy4/+cen\n6/zFMxjxAHpCTRG//ARu2/nJUH6bHPbwqk5V9j9sTfa703i4dkNpMCKhfpAruHrl\nNobiUxCkbOkmYh5ka9hBgy+S0o/bL92TT3kI2Qpq0qqk89wT3GHpCVcFqXXnUKWd\nE8UF56ezozzyETQyS/rxmZFEr8ffwKD9f0Q3hbF0MdAOqZNyhOPmRwcSBfnLjjB5\nigsyN8oSFA4avASmP6lpKIMKJohElMGqZUSL0M82v/T7U+E0yN4Tl3zX7Jkof3Rl\n9XeXzbMYtLIOqN0SVgMlG5lcr+CBtzoDMinwi24VT/JlJ//tT6EEeicw55tidw==\n-----END RSA PRIVATE KEY-----\n",
            "public_key_fingerprint_md5": "fa:a1:6b:6a:d9:fa:20:4a:06:83:dd:5b:55:4d:08:13",
            "public_key_fingerprint_sha256": "SHA256:Aw5pxU3YQeM5KnoP/eI8+jqHf0dEf3v/HDmy72Fwgeo",
            "public_key_openssh": "ssh-rsa AAAAB3NzaC1yc2EAAAADAQABAAACAQDMCXV8HIza6OOFwymRmZDNwdSyzSilQjFvR46PSwgklvULnRG3K753V3BKvWBBkETHd3viF8azFUvQ7VNqIPFiF0bmebEiBT8d9A8dFv76eeWRdTyVdJ44EGC/QuDKeJ0h/eZ120zg5fFb8Y+FEhV4vFzF81dqjbds3dAngGJkGQ6xMveX6nq8HPIGvcd3KXLlrT1ZDukQ18Xri9vGxU6mmrDUw92FsH9/8mmp6rA9oQc0LADDm5ZYmMNazNQG0KpDh7rtmtlvIKRtpnY0Ypls/LctmXtxLHBg65w3PmtOZOFAKZn1xLHnPVt8oCU2tOK/B+Iv0adpceLMOaHRwR8ab6taJIWwlNr5EkM6HouE6NClYicWYak9RLtRY1ksV2MJkOeqr/8VruDohYx9Ak+9+1V+3NGHFggBpgfeI1Q1Yo47YhUdyBRclc3Ho8LJJRJ52p8yZycg00KzM1sK5cYWZtFXuLMjrjjSGcW4H1AD+j/5pVUl0i68QjlzEx7HJZvuaqBAYE8YIp0pKX3jd5o6gqEUBLDXgkhw5nb8E7WPuVtP2pY772CkxTTkrm/C7UBogvtifknuK29fSUgUaUG/Y6TJe/KeKH0Z14IkrCp4rVDIprugsTxWYjA4wJRmlQNkbyj33Dpg1icLYsBo8GqsgrTcWQsLulQgi+9zchII+Q==\n",
            "public_key_pem": "-----BEGIN PUBLIC KEY-----\nMIICIjANBgkqhkiG9w0BAQEFAAOCAg8AMIICCgKCAgEAzAl1fByM2ujjhcMpkZmQ\nzcHUss0opUIxb0eOj0sIJJb1C50Rtyu+d1dwSr1gQZBEx3d74hfGsxVL0O1TaiDx\nYhdG5nmxIgU/HfQPHRb++nnlkXU8lXSeOBBgv0LgynidIf3mddtM4OXxW/GPhRIV\neLxcxfNXao23bN3QJ4BiZBkOsTL3l+p6vBzyBr3Hdyly5a09WQ7pENfF64vbxsVO\nppqw1MPdhbB/f/JpqeqwPaEHNCwAw5uWWJjDWszUBtCqQ4e67ZrZbyCkbaZ2NGKZ\nbPy3LZl7cSxwYOucNz5rTmThQCmZ9cSx5z1bfKAlNrTivwfiL9GnaXHizDmh0cEf\nGm+rWiSFsJTa+RJDOh6LhOjQpWInFmGpPUS7UWNZLFdjCZDnqq//Fa7g6IWMfQJP\nvftVftzRhxYIAaYH3iNUNWKOO2IVHcgUXJXNx6PCySUSedqfMmcnINNCszNbCuXG\nFmbRV7izI6440hnFuB9QA/o/+aVVJdIuvEI5cxMexyWb7mqgQGBPGCKdKSl943ea\nOoKhFASw14JIcOZ2/BO1j7lbT9qWO+9gpMU05K5vwu1AaIL7Yn5J7itvX0lIFGlB\nv2OkyXvynih9GdeCJKwqeK1QyKa7oLE8VmIwOMCUZpUDZG8o99w6YNYnC2LAaPBq\nrIK03FkLC7pUIIvvc3ISCPkCAwEAAQ==\n-----END PUBLIC KEY-----\n",
            "rsa_bits": 4096
          },
          "sensitive_attributes": [],
          "private": "bnVsbA=="
        }
      ]
    }
  ]
}
